
Microsoft Visual Studio Solution File, Format Version 12.00
# Visual Studio 15
Project("{FAE04EC0-301F-11D3-BF4B-00C04F79EFBC}") = "MyLesing.Common", "MyLesing.Common\MyLesing.Common.csproj", "{12CCF713-FC70-4817-B9EB-E77CB397BE2A}"
EndProject
Project("{FAE04EC0-301F-11D3-BF4B-00C04F79EFBC}") = "MyLeasing.web", "MyLeasing.web\MyLeasing.web.csproj", "{66B55DA8-AD38-40FE-8E2F-6B82A0FB184C}"
EndProject
Global
	GlobalSection(SolutionConfigurationPlatforms) = preSolution
		Debug|Any CPU = Debug|Any CPU
		Release|Any CPU = Release|Any CPU
	EndGlobalSection
	GlobalSection(ProjectConfigurationPlatforms) = postSolution
		{12CCF713-FC70-4817-B9EB-E77CB397BE2A}.Debug|Any CPU.ActiveCfg = Debug|Any CPU
		{12CCF713-FC70-4817-B9EB-E77CB397BE2A}.Debug|Any CPU.Build.0 = Debug|Any CPU
		{12CCF713-FC70-4817-B9EB-E77CB397BE2A}.Release|Any CPU.ActiveCfg = Release|Any CPU
		{12CCF713-FC70-4817-B9EB-E77CB397BE2A}.Release|Any CPU.Build.0 = Release|Any CPU
		{66B55DA8-AD38-40FE-8E2F-6B82A0FB184C}.Debug|Any CPU.ActiveCfg = Debug|Any CPU
		{66B55DA8-AD38-40FE-8E2F-6B82A0FB184C}.Debug|Any CPU.Build.0 = Debug|Any CPU
		{66B55DA8-AD38-40FE-8E2F-6B82A0FB184C}.Release|Any CPU.ActiveCfg = Release|Any CPU
		{66B55DA8-AD38-40FE-8E2F-6B82A0FB184C}.Release|Any CPU.Build.0 = Release|Any CPU
	EndGlobalSection
EndGlobal
